// !$*UTF8*$!
{
	archiveVersion = 1;
	classes = {
	};
	objectVersion = 56;
	objects = {

/* Begin PBXBuildFile section */
		AA0000000000000000000001 /* ClaudeTrackerApp.swift in Sources */ = {isa = PBXBuildFile; fileRef = BB0000000000000000000001 /* ClaudeTrackerApp.swift */; };
		AA0000000000000000000002 /* Models.swift in Sources */ = {isa = PBXBuildFile; fileRef = BB0000000000000000000002 /* Models.swift */; };
		AA0000000000000000000003 /* ClaudeAPIService.swift in Sources */ = {isa = PBXBuildFile; fileRef = BB0000000000000000000003 /* ClaudeAPIService.swift */; };
		AA0000000000000000000004 /* UsageViewModel.swift in Sources */ = {isa = PBXBuildFile; fileRef = BB0000000000000000000004 /* UsageViewModel.swift */; };
		AA0000000000000000000005 /* MenuBarView.swift in Sources */ = {isa = PBXBuildFile; fileRef = BB0000000000000000000005 /* MenuBarView.swift */; };
		AA0000000000000000000006 /* SettingsView.swift in Sources */ = {isa = PBXBuildFile; fileRef = BB0000000000000000000006 /* SettingsView.swift */; };
		AA0000000000000000000007 /* LoginView.swift in Sources */ = {isa = PBXBuildFile; fileRef = BB0000000000000000000010 /* LoginView.swift */; };
		AA0000000000000000000008 /* ToastWindowController.swift in Sources */ = {isa = PBXBuildFile; fileRef = BB0000000000000000000011 /* ToastWindowController.swift */; };
		AA0000000000000000000009 /* Localizable.xcstrings in Resources */ = {isa = PBXBuildFile; fileRef = BB0000000000000000000012 /* Localizable.xcstrings */; };
		AA0000000000000000000010 /* ClaudeTrackerTests.swift in Sources */ = {isa = PBXBuildFile; fileRef = BB0000000000000000000014 /* ClaudeTrackerTests.swift */; };
/* End PBXBuildFile section */

/* Begin PBXContainerItemProxy section */
		PP0000000000000000000001 /* PBXContainerItemProxy */ = {
			isa = PBXContainerItemProxy;
			containerPortal = HH0000000000000000000001 /* Project object */;
			proxyType = 1;
			remoteGlobalIDString = EE0000000000000000000001;
			remoteInfo = ClaudeTracker;
		};
/* End PBXContainerItemProxy section */

/* Begin PBXFileReference section */
		BB0000000000000000000001 /* ClaudeTrackerApp.swift */ = {isa = PBXFileReference; lastKnownFileType = sourcecode.swift; path = ClaudeTrackerApp.swift; sourceTree = "<group>"; };
		BB0000000000000000000002 /* Models.swift */ = {isa = PBXFileReference; lastKnownFileType = sourcecode.swift; path = Models.swift; sourceTree = "<group>"; };
		BB0000000000000000000003 /* ClaudeAPIService.swift */ = {isa = PBXFileReference; lastKnownFileType = sourcecode.swift; path = ClaudeAPIService.swift; sourceTree = "<group>"; };
		BB0000000000000000000004 /* UsageViewModel.swift */ = {isa = PBXFileReference; lastKnownFileType = sourcecode.swift; path = UsageViewModel.swift; sourceTree = "<group>"; };
		BB0000000000000000000005 /* MenuBarView.swift */ = {isa = PBXFileReference; lastKnownFileType = sourcecode.swift; path = MenuBarView.swift; sourceTree = "<group>"; };
		BB0000000000000000000006 /* SettingsView.swift */ = {isa = PBXFileReference; lastKnownFileType = sourcecode.swift; path = SettingsView.swift; sourceTree = "<group>"; };
		BB0000000000000000000007 /* Info.plist */ = {isa = PBXFileReference; lastKnownFileType = text.plist.xml; path = Info.plist; sourceTree = "<group>"; };
		BB0000000000000000000008 /* ClaudeTracker.entitlements */ = {isa = PBXFileReference; lastKnownFileType = text.plist.entitlements; path = ClaudeTracker.entitlements; sourceTree = "<group>"; };
		BB0000000000000000000009 /* ClaudeTracker.app */ = {isa = PBXFileReference; explicitFileType = wrapper.application; includeInIndex = 0; path = ClaudeTracker.app; sourceTree = BUILT_PRODUCTS_DIR; };
		BB0000000000000000000010 /* LoginView.swift */ = {isa = PBXFileReference; lastKnownFileType = sourcecode.swift; path = LoginView.swift; sourceTree = "<group>"; };
		BB0000000000000000000011 /* ToastWindowController.swift */ = {isa = PBXFileReference; lastKnownFileType = sourcecode.swift; path = ToastWindowController.swift; sourceTree = "<group>"; };
		BB0000000000000000000012 /* Localizable.xcstrings */ = {isa = PBXFileReference; lastKnownFileType = text.json; path = Localizable.xcstrings; sourceTree = "<group>"; };
		BB0000000000000000000013 /* ClaudeTrackerTests.xctest */ = {isa = PBXFileReference; explicitFileType = wrapper.cfbundle; includeInIndex = 0; path = ClaudeTrackerTests.xctest; sourceTree = BUILT_PRODUCTS_DIR; };
		BB0000000000000000000014 /* ClaudeTrackerTests.swift */ = {isa = PBXFileReference; lastKnownFileType = sourcecode.swift; path = ClaudeTrackerTests.swift; sourceTree = "<group>"; };
/* End PBXFileReference section */

/* Begin PBXResourcesBuildPhase section */
		CC0000000000000000000002 /* Resources */ = {
			isa = PBXResourcesBuildPhase;
			buildActionMask = 2147483647;
			files = (
				AA0000000000000000000009 /* Localizable.xcstrings in Resources */,
			);
			runOnlyForDeploymentPostprocessing = 0;
		};
/* End PBXResourcesBuildPhase section */

/* Begin PBXFrameworksBuildPhase section */
		CC0000000000000000000001 /* Frameworks */ = {
			isa = PBXFrameworksBuildPhase;
			buildActionMask = 2147483647;
			files = (
			);
			runOnlyForDeploymentPostprocessing = 0;
		};
		CC0000000000000000000003 /* Frameworks */ = {
			isa = PBXFrameworksBuildPhase;
			buildActionMask = 2147483647;
			files = (
			);
			runOnlyForDeploymentPostprocessing = 0;
		};
/* End PBXFrameworksBuildPhase section */

/* Begin PBXGroup section */
		DD0000000000000000000001 = {
			isa = PBXGroup;
			children = (
				DD0000000000000000000002 /* ClaudeTracker */,
				DD0000000000000000000004 /* ClaudeTrackerTests */,
				DD0000000000000000000003 /* Products */,
			);
			sourceTree = "<group>";
		};
		DD0000000000000000000002 /* ClaudeTracker */ = {
			isa = PBXGroup;
			children = (
				BB0000000000000000000001 /* ClaudeTrackerApp.swift */,
				BB0000000000000000000002 /* Models.swift */,
				BB0000000000000000000003 /* ClaudeAPIService.swift */,
				BB0000000000000000000004 /* UsageViewModel.swift */,
				BB0000000000000000000005 /* MenuBarView.swift */,
				BB0000000000000000000006 /* SettingsView.swift */,
				BB0000000000000000000010 /* LoginView.swift */,
				BB0000000000000000000011 /* ToastWindowController.swift */,
				BB0000000000000000000012 /* Localizable.xcstrings */,
				BB0000000000000000000007 /* Info.plist */,
				BB0000000000000000000008 /* ClaudeTracker.entitlements */,
			);
			path = ClaudeTracker;
			sourceTree = "<group>";
		};
		DD0000000000000000000003 /* Products */ = {
			isa = PBXGroup;
			children = (
				BB0000000000000000000009 /* ClaudeTracker.app */,
				BB0000000000000000000013 /* ClaudeTrackerTests.xctest */,
			);
			name = Products;
			sourceTree = "<group>";
		};
		DD0000000000000000000004 /* ClaudeTrackerTests */ = {
			isa = PBXGroup;
			children = (
				BB0000000000000000000014 /* ClaudeTrackerTests.swift */,
			);
			path = ClaudeTrackerTests;
			sourceTree = "<group>";
		};
/* End PBXGroup section */

/* Begin PBXNativeTarget section */
		EE0000000000000000000001 /* ClaudeTracker */ = {
			isa = PBXNativeTarget;
			buildConfigurationList = FF0000000000000000000002 /* Build configuration list for PBXNativeTarget "ClaudeTracker" */;
			buildPhases = (
				GG0000000000000000000001 /* Sources */,
				CC0000000000000000000001 /* Frameworks */,
				CC0000000000000000000002 /* Resources */,
			);
			buildRules = (
			);
			dependencies = (
			);
			name = ClaudeTracker;
			productName = ClaudeTracker;
			productReference = BB0000000000000000000009 /* ClaudeTracker.app */;
			productType = "com.apple.product-type.application";
		};
		EE0000000000000000000002 /* ClaudeTrackerTests */ = {
			isa = PBXNativeTarget;
			buildConfigurationList = FF0000000000000000000003 /* Build configuration list for PBXNativeTarget "ClaudeTrackerTests" */;
			buildPhases = (
				GG0000000000000000000002 /* Sources */,
				CC0000000000000000000003 /* Frameworks */,
			);
			buildRules = (
			);
			dependencies = (
				TT0000000000000000000001 /* PBXTargetDependency */,
			);
			name = ClaudeTrackerTests;
			productName = ClaudeTrackerTests;
			productReference = BB0000000000000000000013 /* ClaudeTrackerTests.xctest */;
			productType = "com.apple.product-type.bundle.unit-test";
		};
/* End PBXNativeTarget section */

/* Begin PBXProject section */
		HH0000000000000000000001 /* Project object */ = {
			isa = PBXProject;
			attributes = {
				BuildIndependentTargetsInParallel = 1;
				LastSwiftUpdateCheck = 1540;
				LastUpgradeCheck = 1540;
			};
			buildConfigurationList = FF0000000000000000000001 /* Build configuration list for PBXProject "ClaudeTracker" */;
			compatibilityVersion = "Xcode 14.0";
			developmentRegion = en;
			hasScannedForEncodings = 0;
			knownRegions = (
				en,
				Base,
				es,
			);
			mainGroup = DD0000000000000000000001;
			productRefGroup = DD0000000000000000000003 /* Products */;
			projectDirPath = "";
			projectRoot = "";
			targets = (
				EE0000000000000000000001 /* ClaudeTracker */,
				EE0000000000000000000002 /* ClaudeTrackerTests */,
			);
		};
/* End PBXProject section */

/* Begin PBXSourcesBuildPhase section */
		GG0000000000000000000001 /* Sources */ = {
			isa = PBXSourcesBuildPhase;
			buildActionMask = 2147483647;
			files = (
				AA0000000000000000000001 /* ClaudeTrackerApp.swift in Sources */,
				AA0000000000000000000002 /* Models.swift in Sources */,
				AA0000000000000000000003 /* ClaudeAPIService.swift in Sources */,
				AA0000000000000000000004 /* UsageViewModel.swift in Sources */,
				AA0000000000000000000005 /* MenuBarView.swift in Sources */,
				AA0000000000000000000006 /* SettingsView.swift in Sources */,
				AA0000000000000000000007 /* LoginView.swift in Sources */,
				AA0000000000000000000008 /* ToastWindowController.swift in Sources */,
			);
			runOnlyForDeploymentPostprocessing = 0;
		};
		GG0000000000000000000002 /* Sources */ = {
			isa = PBXSourcesBuildPhase;
			buildActionMask = 2147483647;
			files = (
				AA0000000000000000000010 /* ClaudeTrackerTests.swift in Sources */,
			);
			runOnlyForDeploymentPostprocessing = 0;
		};
/* End PBXSourcesBuildPhase section */

/* Begin PBXTargetDependency section */
		TT0000000000000000000001 /* PBXTargetDependency */ = {
			isa = PBXTargetDependency;
			target = EE0000000000000000000001 /* ClaudeTracker */;
			targetProxy = PP0000000000000000000001 /* PBXContainerItemProxy */;
		};
/* End PBXTargetDependency section */

/* Begin XCBuildConfiguration section */
		II0000000000000000000001 /* Debug */ = {
			isa = XCBuildConfiguration;
			buildSettings = {
				ALWAYS_SEARCH_USER_PATHS = NO;
				CLANG_ANALYZER_NONNULL = YES;
				CLANG_CXX_LANGUAGE_STANDARD = "gnu++20";
				CLANG_ENABLE_MODULES = YES;
				CLANG_ENABLE_OBJC_ARC = YES;
				COPY_PHASE_STRIP = NO;
				DEBUG_INFORMATION_FORMAT = dwarf;
				ENABLE_STRICT_OBJC_MSGSEND = YES;
				ENABLE_TESTABILITY = YES;
				GCC_DYNAMIC_NO_PIC = NO;
				GCC_NO_COMMON_BLOCKS = YES;
				GCC_OPTIMIZATION_LEVEL = 0;
				GCC_PREPROCESSOR_DEFINITIONS = (
					"DEBUG=1",
					"$(inherited)",
				);
				MACOSX_DEPLOYMENT_TARGET = 14.0;
				MTL_ENABLE_DEBUG_INFO = INCLUDE_SOURCE;
				ONLY_ACTIVE_ARCH = YES;
				SDKROOT = macosx;
				SWIFT_ACTIVE_COMPILATION_CONDITIONS = DEBUG;
				SWIFT_OPTIMIZATION_LEVEL = "-Onone";
				SWIFT_VERSION = 5.0;
			};
			name = Debug;
		};
		II0000000000000000000002 /* Release */ = {
			isa = XCBuildConfiguration;
			buildSettings = {
				ALWAYS_SEARCH_USER_PATHS = NO;
				CLANG_ANALYZER_NONNULL = YES;
				CLANG_CXX_LANGUAGE_STANDARD = "gnu++20";
				CLANG_ENABLE_MODULES = YES;
				CLANG_ENABLE_OBJC_ARC = YES;
				COPY_PHASE_STRIP = NO;
				DEBUG_INFORMATION_FORMAT = "dwarf-with-dsym";
				ENABLE_NS_ASSERTIONS = NO;
				ENABLE_STRICT_OBJC_MSGSEND = YES;
				GCC_NO_COMMON_BLOCKS = YES;
				MACOSX_DEPLOYMENT_TARGET = 14.0;
				MTL_ENABLE_DEBUG_INFO = NO;
				SDKROOT = macosx;
				SWIFT_COMPILATION_MODE = wholemodule;
				SWIFT_OPTIMIZATION_LEVEL = "-O";
				SWIFT_VERSION = 5.0;
			};
			name = Release;
		};
		II0000000000000000000003 /* Debug */ = {
			isa = XCBuildConfiguration;
			buildSettings = {
				CODE_SIGN_ENTITLEMENTS = ClaudeTracker/ClaudeTracker.entitlements;
				"CODE_SIGN_IDENTITY[sdk=macosx*]" = "-";
				CODE_SIGN_STYLE = Automatic;
				COMBINE_HIDPI_IMAGES = YES;
				CURRENT_PROJECT_VERSION = 1;
				GENERATE_INFOPLIST_FILE = YES;
				INFOPLIST_FILE = ClaudeTracker/Info.plist;
				LD_RUNPATH_SEARCH_PATHS = (
					"$(inherited)",
					"@executable_path/../Frameworks",
				);
				MARKETING_VERSION = 1.8.0;
				PRODUCT_BUNDLE_IDENTIFIER = com.claudetracker.app;
				PRODUCT_NAME = "$(TARGET_NAME)";
				SWIFT_EMIT_LOC_STRINGS = YES;
			};
			name = Debug;
		};
		II0000000000000000000004 /* Release */ = {
			isa = XCBuildConfiguration;
			buildSettings = {
				CODE_SIGN_ENTITLEMENTS = ClaudeTracker/ClaudeTracker.entitlements;
				"CODE_SIGN_IDENTITY[sdk=macosx*]" = "-";
				CODE_SIGN_STYLE = Automatic;
				COMBINE_HIDPI_IMAGES = YES;
				ENABLE_HARDENED_RUNTIME = YES;
				CURRENT_PROJECT_VERSION = 1;
				GENERATE_INFOPLIST_FILE = YES;
				INFOPLIST_FILE = ClaudeTracker/Info.plist;
				LD_RUNPATH_SEARCH_PATHS = (
					"$(inherited)",
					"@executable_path/../Frameworks",
				);
				MARKETING_VERSION = 1.8.0;
				PRODUCT_BUNDLE_IDENTIFIER = com.claudetracker.app;
				PRODUCT_NAME = "$(TARGET_NAME)";
				SWIFT_EMIT_LOC_STRINGS = YES;
			};
			name = Release;
		};
		II0000000000000000000005 /* Debug */ = {
			isa = XCBuildConfiguration;
			buildSettings = {
				BUNDLE_LOADER = "$(TEST_HOST)";
				"CODE_SIGN_IDENTITY[sdk=macosx*]" = "-";
				CODE_SIGN_STYLE = Automatic;
				GENERATE_INFOPLIST_FILE = YES;
				MACOSX_DEPLOYMENT_TARGET = 14.0;
				PRODUCT_BUNDLE_IDENTIFIER = "com.claudetracker.app.tests";
				PRODUCT_NAME = "$(TARGET_NAME)";
				SDKROOT = macosx;
				SWIFT_STRICT_CONCURRENCY = minimal;
				SWIFT_VERSION = 5.0;
				TEST_HOST = "$(BUILT_PRODUCTS_DIR)/ClaudeTracker.app/Contents/MacOS/ClaudeTracker";
			};
			name = Debug;
		};
		II0000000000000000000006 /* Release */ = {
			isa = XCBuildConfiguration;
			buildSettings = {
				BUNDLE_LOADER = "$(TEST_HOST)";
				"CODE_SIGN_IDENTITY[sdk=macosx*]" = "-";
				CODE_SIGN_STYLE = Automatic;
				GENERATE_INFOPLIST_FILE = YES;
				MACOSX_DEPLOYMENT_TARGET = 14.0;
				PRODUCT_BUNDLE_IDENTIFIER = "com.claudetracker.app.tests";
				PRODUCT_NAME = "$(TARGET_NAME)";
				SDKROOT = macosx;
				SWIFT_STRICT_CONCURRENCY = minimal;
				SWIFT_VERSION = 5.0;
				TEST_HOST = "$(BUILT_PRODUCTS_DIR)/ClaudeTracker.app/Contents/MacOS/ClaudeTracker";
			};
			name = Release;
		};
/* End XCBuildConfiguration section */

/* Begin XCConfigurationList section */
		FF0000000000000000000001 /* Build configuration list for PBXProject "ClaudeTracker" */ = {
			isa = XCConfigurationList;
			buildConfigurations = (
				II0000000000000000000001 /* Debug */,
				II0000000000000000000002 /* Release */,
			);
			defaultConfigurationIsVisible = 0;
			defaultConfigurationName = Release;
		};
		FF0000000000000000000002 /* Build configuration list for PBXNativeTarget "ClaudeTracker" */ = {
			isa = XCConfigurationList;
			buildConfigurations = (
				II0000000000000000000003 /* Debug */,
				II0000000000000000000004 /* Release */,
			);
			defaultConfigurationIsVisible = 0;
			defaultConfigurationName = Release;
		};
		FF0000000000000000000003 /* Build configuration list for PBXNativeTarget "ClaudeTrackerTests" */ = {
			isa = XCConfigurationList;
			buildConfigurations = (
				II0000000000000000000005 /* Debug */,
				II0000000000000000000006 /* Release */,
			);
			defaultConfigurationIsVisible = 0;
			defaultConfigurationName = Release;
		};
/* End XCConfigurationList section */
	};
	rootObject = HH0000000000000000000001 /* Project object */;
}
